
Microsoft Visual Studio Solution File, Format Version 12.00
# Visual Studio Version 17
VisualStudioVersion = 17.5.002.0
MinimumVisualStudioVersion = 10.0.40219.1
Project("{2150E333-8FDC-42A3-9474-1A3956D46DE8}") = "src", "src", "{1D8E492E-0BF8-4AE1-B7B0-8449F3B77BA2}"
EndProject
Project("{9A19103F-16F7-4668-BE54-9A1E7A4F7556}") = "BigStar", "src\BigStar\BigStar.csproj", "{5F45C5B0-5946-45DF-9DEC-BCB27690D069}"
EndProject
Global
	GlobalSection(SolutionConfigurationPlatforms) = preSolution
		Debug|Any CPU = Debug|Any CPU
		Release|Any CPU = Release|Any CPU
	EndGlobalSection
	GlobalSection(ProjectConfigurationPlatforms) = postSolution
		{5F45C5B0-5946-45DF-9DEC-BCB27690D069}.Debug|Any CPU.ActiveCfg = Debug|Any CPU
		{5F45C5B0-5946-45DF-9DEC-BCB27690D069}.Debug|Any CPU.Build.0 = Debug|Any CPU
		{5F45C5B0-5946-45DF-9DEC-BCB27690D069}.Release|Any CPU.ActiveCfg = Release|Any CPU
		{5F45C5B0-5946-45DF-9DEC-BCB27690D069}.Release|Any CPU.Build.0 = Release|Any CPU
	EndGlobalSection
	GlobalSection(SolutionProperties) = preSolution
		HideSolutionNode = FALSE
	EndGlobalSection
	GlobalSection(NestedProjects) = preSolution
		{5F45C5B0-5946-45DF-9DEC-BCB27690D069} = {1D8E492E-0BF8-4AE1-B7B0-8449F3B77BA2}
	EndGlobalSection
	GlobalSection(ExtensibilityGlobals) = postSolution
		SolutionGuid = {6CF3C61D-0C97-4C12-A900-684DAAD50134}
	EndGlobalSection
EndGlobal
